// !$*UTF8*$!
{
	archiveVersion = 1;
	classes = {
	};
	objectVersion = 46;
	objects = {

/* Begin PBXBuildFile section */
		FA9073FE1AD7DE45000E5B5A /* AppDelegate.swift in Sources */ = {isa = PBXBuildFile; fileRef = FA9073FD1AD7DE45000E5B5A /* AppDelegate.swift */; };
		FA9074001AD7DE45000E5B5A /* ViewController.swift in Sources */ = {isa = PBXBuildFile; fileRef = FA9073FF1AD7DE45000E5B5A /* ViewController.swift */; };
		FA9074031AD7DE45000E5B5A /* Main.storyboard in Resources */ = {isa = PBXBuildFile; fileRef = FA9074011AD7DE45000E5B5A /* Main.storyboard */; };
		FA9074051AD7DE45000E5B5A /* Images.xcassets in Resources */ = {isa = PBXBuildFile; fileRef = FA9074041AD7DE45000E5B5A /* Images.xcassets */; };
		FA9074081AD7DE46000E5B5A /* LaunchScreen.xib in Resources */ = {isa = PBXBuildFile; fileRef = FA9074061AD7DE46000E5B5A /* LaunchScreen.xib */; };
		FA9074141AD7DE48000E5B5A /* Click_CounterTests.swift in Sources */ = {isa = PBXBuildFile; fileRef = FA9074131AD7DE48000E5B5A /* Click_CounterTests.swift */; };
/* End PBXBuildFile section */

/* Begin PBXContainerItemProxy section */
		FA90740E1AD7DE47000E5B5A /* PBXContainerItemProxy */ = {
			isa = PBXContainerItemProxy;
			containerPortal = FA9073F01AD7DE43000E5B5A /* Project object */;
			proxyType = 1;
			remoteGlobalIDString = FA9073F71AD7DE44000E5B5A;
			remoteInfo = "Click Counter";
		};
/* End PBXContainerItemProxy section */

/* Begin PBXFileReference section */
		FA9073F81AD7DE44000E5B5A /* Click Counter.app */ = {isa = PBXFileReference; explicitFileType = wrapper.application; includeInIndex = 0; path = "Click Counter.app"; sourceTree = BUILT_PRODUCTS_DIR; };
		FA9073FC1AD7DE44000E5B5A /* Info.plist */ = {isa = PBXFileReference; lastKnownFileType = text.plist.xml; path = Info.plist; sourceTree = "<group>"; };
		FA9073FD1AD7DE45000E5B5A /* AppDelegate.swift */ = {isa = PBXFileReference; lastKnownFileType = sourcecode.swift; path = AppDelegate.swift; sourceTree = "<group>"; };
		FA9073FF1AD7DE45000E5B5A /* ViewController.swift */ = {isa = PBXFileReference; lastKnownFileType = sourcecode.swift; path = ViewController.swift; sourceTree = "<group>"; };
		FA9074021AD7DE45000E5B5A /* Base */ = {isa = PBXFileReference; lastKnownFileType = file.storyboard; name = Base; path = Base.lproj/Main.storyboard; sourceTree = "<group>"; };
		FA9074041AD7DE45000E5B5A /* Images.xcassets */ = {isa = PBXFileReference; lastKnownFileType = folder.assetcatalog; path = Images.xcassets; sourceTree = "<group>"; };
		FA9074071AD7DE46000E5B5A /* Base */ = {isa = PBXFileReference; lastKnownFileType = file.xib; name = Base; path = Base.lproj/LaunchScreen.xib; sourceTree = "<group>"; };
		FA90740D1AD7DE47000E5B5A /* Click CounterTests.xctest */ = {isa = PBXFileReference; explicitFileType = wrapper.cfbundle; includeInIndex = 0; path = "Click CounterTests.xctest"; sourceTree = BUILT_PRODUCTS_DIR; };
		FA9074121AD7DE47000E5B5A /* Info.plist */ = {isa = PBXFileReference; lastKnownFileType = text.plist.xml; path = Info.plist; sourceTree = "<group>"; };
		FA9074131AD7DE48000E5B5A /* Click_CounterTests.swift */ = {isa = PBXFileReference; lastKnownFileType = sourcecode.swift; path = Click_CounterTests.swift; sourceTree = "<group>"; };
/* End PBXFileReference section */

/* Begin PBXFrameworksBuildPhase section */
		FA9073F51AD7DE44000E5B5A /* Frameworks */ = {
			isa = PBXFrameworksBuildPhase;
			buildActionMask = 2147483647;
			files = (
			);
			runOnlyForDeploymentPostprocessing = 0;
		};
		FA90740A1AD7DE47000E5B5A /* Frameworks */ = {
			isa = PBXFrameworksBuildPhase;
			buildActionMask = 2147483647;
			files = (
			);
			runOnlyForDeploymentPostprocessing = 0;
		};
/* End PBXFrameworksBuildPhase section */

/* Begin PBXGroup section */
		FA9073EF1AD7DE43000E5B5A = {
			isa = PBXGroup;
			children = (
				FA9073FA1AD7DE44000E5B5A /* Click Counter */,
				FA9074101AD7DE47000E5B5A /* Click CounterTests */,
				FA9073F91AD7DE44000E5B5A /* Products */,
			);
			sourceTree = "<group>";
		};
		FA9073F91AD7DE44000E5B5A /* Products */ = {
			isa = PBXGroup;
			children = (
				FA9073F81AD7DE44000E5B5A /* Click Counter.app */,
				FA90740D1AD7DE47000E5B5A /* Click CounterTests.xctest */,
			);
			name = Products;
			sourceTree = "<group>";
		};
		FA9073FA1AD7DE44000E5B5A /* Click Counter */ = {
			isa = PBXGroup;
			children = (
				FA9073FD1AD7DE45000E5B5A /* AppDelegate.swift */,
				FA9073FF1AD7DE45000E5B5A /* ViewController.swift */,
				FA9074011AD7DE45000E5B5A /* Main.storyboard */,
				FA9074041AD7DE45000E5B5A /* Images.xcassets */,
				FA9074061AD7DE46000E5B5A /* LaunchScreen.xib */,
				FA9073FB1AD7DE44000E5B5A /* Supporting Files */,
			);
			path = "Click Counter";
			sourceTree = "<group>";
		};
		FA9073FB1AD7DE44000E5B5A /* Supporting Files */ = {
			isa = PBXGroup;
			children = (
				FA9073FC1AD7DE44000E5B5A /* Info.plist */,
			);
			name = "Supporting Files";
			sourceTree = "<group>";
		};
		FA9074101AD7DE47000E5B5A /* Click CounterTests */ = {
			isa = PBXGroup;
			children = (
				FA9074131AD7DE48000E5B5A /* Click_CounterTests.swift */,
				FA9074111AD7DE47000E5B5A /* Supporting Files */,
			);
			path = "Click CounterTests";
			sourceTree = "<group>";
		};
		FA9074111AD7DE47000E5B5A /* Supporting Files */ = {
			isa = PBXGroup;
			children = (
				FA9074121AD7DE47000E5B5A /* Info.plist */,
			);
			name = "Supporting Files";
			sourceTree = "<group>";
		};
/* End PBXGroup section */

/* Begin PBXNativeTarget section */
		FA9073F71AD7DE44000E5B5A /* Click Counter */ = {
			isa = PBXNativeTarget;
			buildConfigurationList = FA9074171AD7DE48000E5B5A /* Build configuration list for PBXNativeTarget "Click Counter" */;
			buildPhases = (
				FA9073F41AD7DE44000E5B5A /* Sources */,
				FA9073F51AD7DE44000E5B5A /* Frameworks */,
				FA9073F61AD7DE44000E5B5A /* Resources */,
			);
			buildRules = (
			);
			dependencies = (
			);
			name = "Click Counter";
			productName = "Click Counter";
			productReference = FA9073F81AD7DE44000E5B5A /* Click Counter.app */;
			productType = "com.apple.product-type.application";
		};
		FA90740C1AD7DE47000E5B5A /* Click CounterTests */ = {
			isa = PBXNativeTarget;
			buildConfigurationList = FA90741A1AD7DE48000E5B5A /* Build configuration list for PBXNativeTarget "Click CounterTests" */;
			buildPhases = (
				FA9074091AD7DE47000E5B5A /* Sources */,
				FA90740A1AD7DE47000E5B5A /* Frameworks */,
				FA90740B1AD7DE47000E5B5A /* Resources */,
			);
			buildRules = (
			);
			dependencies = (
				FA90740F1AD7DE47000E5B5A /* PBXTargetDependency */,
			);
			name = "Click CounterTests";
			productName = "Click CounterTests";
			productReference = FA90740D1AD7DE47000E5B5A /* Click CounterTests.xctest */;
			productType = "com.apple.product-type.bundle.unit-test";
		};
/* End PBXNativeTarget section */

/* Begin PBXProject section */
		FA9073F01AD7DE43000E5B5A /* Project object */ = {
			isa = PBXProject;
			attributes = {
				LastUpgradeCheck = 0630;
				ORGANIZATIONNAME = "Phillip Hughes";
				TargetAttributes = {
					FA9073F71AD7DE44000E5B5A = {
						CreatedOnToolsVersion = 6.3;
					};
					FA90740C1AD7DE47000E5B5A = {
						CreatedOnToolsVersion = 6.3;
						TestTargetID = FA9073F71AD7DE44000E5B5A;
					};
				};
			};
			buildConfigurationList = FA9073F31AD7DE43000E5B5A /* Build configuration list for PBXProject "Click Counter" */;
			compatibilityVersion = "Xcode 3.2";
			developmentRegion = English;
			hasScannedForEncodings = 0;
			knownRegions = (
				en,
				Base,
			);
			mainGroup = FA9073EF1AD7DE43000E5B5A;
			productRefGroup = FA9073F91AD7DE44000E5B5A /* Products */;
			projectDirPath = "";
			projectRoot = "";
			targets = (
				FA9073F71AD7DE44000E5B5A /* Click Counter */,
				FA90740C1AD7DE47000E5B5A /* Click CounterTests */,
			);
		};
/* End PBXProject section */

/* Begin PBXResourcesBuildPhase section */
		FA9073F61AD7DE44000E5B5A /* Resources */ = {
			isa = PBXResourcesBuildPhase;
			buildActionMask = 2147483647;
			files = (
				FA9074031AD7DE45000E5B5A /* Main.storyboard in Resources */,
				FA9074081AD7DE46000E5B5A /* LaunchScreen.xib in Resources */,
				FA9074051AD7DE45000E5B5A /* Images.xcassets in Resources */,
			);
			runOnlyForDeploymentPostprocessing = 0;
		};
		FA90740B1AD7DE47000E5B5A /* Resources */ = {
			isa = PBXResourcesBuildPhase;
			buildActionMask = 2147483647;
			files = (
			);
			runOnlyForDeploymentPostprocessing = 0;
		};
/* End PBXResourcesBuildPhase section */

/* Begin PBXSourcesBuildPhase section */
		FA9073F41AD7DE44000E5B5A /* Sources */ = {
			isa = PBXSourcesBuildPhase;
			buildActionMask = 2147483647;
			files = (
				FA9074001AD7DE45000E5B5A /* ViewController.swift in Sources */,
				FA9073FE1AD7DE45000E5B5A /* AppDelegate.swift in Sources */,
			);
			runOnlyForDeploymentPostprocessing = 0;
		};
		FA9074091AD7DE47000E5B5A /* Sources */ = {
			isa = PBXSourcesBuildPhase;
			buildActionMask = 2147483647;
			files = (
				FA9074141AD7DE48000E5B5A /* Click_CounterTests.swift in Sources */,
			);
			runOnlyForDeploymentPostprocessing = 0;
		};
/* End PBXSourcesBuildPhase section */

/* Begin PBXTargetDependency section */
		FA90740F1AD7DE47000E5B5A /* PBXTargetDependency */ = {
			isa = PBXTargetDependency;
			target = FA9073F71AD7DE44000E5B5A /* Click Counter */;
			targetProxy = FA90740E1AD7DE47000E5B5A /* PBXContainerItemProxy */;
		};
/* End PBXTargetDependency section */

/* Begin PBXVariantGroup section */
		FA9074011AD7DE45000E5B5A /* Main.storyboard */ = {
			isa = PBXVariantGroup;
			children = (
				FA9074021AD7DE45000E5B5A /* Base */,
			);
			name = Main.storyboard;
			sourceTree = "<group>";
		};
		FA9074061AD7DE46000E5B5A /* LaunchScreen.xib */ = {
			isa = PBXVariantGroup;
			children = (
				FA9074071AD7DE46000E5B5A /* Base */,
			);
			name = LaunchScreen.xib;
			sourceTree = "<group>";
		};
/* End PBXVariantGroup section */

/* Begin XCBuildConfiguration section */
		FA9074151AD7DE48000E5B5A /* Debug */ = {
			isa = XCBuildConfiguration;
			buildSettings = {
				ALWAYS_SEARCH_USER_PATHS = NO;
				CLANG_CXX_LANGUAGE_STANDARD = "gnu++0x";
				CLANG_CXX_LIBRARY = "libc++";
				CLANG_ENABLE_MODULES = YES;
				CLANG_ENABLE_OBJC_ARC = YES;
				CLANG_WARN_BOOL_CONVERSION = YES;
				CLANG_WARN_CONSTANT_CONVERSION = YES;
				CLANG_WARN_DIRECT_OBJC_ISA_USAGE = YES_ERROR;
				CLANG_WARN_EMPTY_BODY = YES;
				CLANG_WARN_ENUM_CONVERSION = YES;
				CLANG_WARN_INT_CONVERSION = YES;
				CLANG_WARN_OBJC_ROOT_CLASS = YES_ERROR;
				CLANG_WARN_UNREACHABLE_CODE = YES;
				CLANG_WARN__DUPLICATE_METHOD_MATCH = YES;
				"CODE_SIGN_IDENTITY[sdk=iphoneos*]" = "iPhone Developer";
				COPY_PHASE_STRIP = NO;
				DEBUG_INFORMATION_FORMAT = "dwarf-with-dsym";
				ENABLE_STRICT_OBJC_MSGSEND = YES;
				GCC_C_LANGUAGE_STANDARD = gnu99;
				GCC_DYNAMIC_NO_PIC = NO;
				GCC_NO_COMMON_BLOCKS = YES;
				GCC_OPTIMIZATION_LEVEL = 0;
				GCC_PREPROCESSOR_DEFINITIONS = (
					"DEBUG=1",
					"$(inherited)",
				);
				GCC_SYMBOLS_PRIVATE_EXTERN = NO;
				GCC_WARN_64_TO_32_BIT_CONVERSION = YES;
				GCC_WARN_ABOUT_RETURN_TYPE = YES_ERROR;
				GCC_WARN_UNDECLARED_SELECTOR = YES;
				GCC_WARN_UNINITIALIZED_AUTOS = YES_AGGRESSIVE;
				GCC_WARN_UNUSED_FUNCTION = YES;
				GCC_WARN_UNUSED_VARIABLE = YES;
				IPHONEOS_DEPLOYMENT_TARGET = 8.3;
				MTL_ENABLE_DEBUG_INFO = YES;
				ONLY_ACTIVE_ARCH = YES;
				SDKROOT = iphoneos;
				SWIFT_OPTIMIZATION_LEVEL = "-Onone";
			};
			name = Debug;
		};
		FA9074161AD7DE48000E5B5A /* Release */ = {
			isa = XCBuildConfiguration;
			buildSettings = {
				ALWAYS_SEARCH_USER_PATHS = NO;
				CLANG_CXX_LANGUAGE_STANDARD = "gnu++0x";
				CLANG_CXX_LIBRARY = "libc++";
				CLANG_ENABLE_MODULES = YES;
				CLANG_ENABLE_OBJC_ARC = YES;
				CLANG_WARN_BOOL_CONVERSION = YES;
				CLANG_WARN_CONSTANT_CONVERSION = YES;
				CLANG_WARN_DIRECT_OBJC_ISA_USAGE = YES_ERROR;
				CLANG_WARN_EMPTY_BODY = YES;
				CLANG_WARN_ENUM_CONVERSION = YES;
				CLANG_WARN_INT_CONVERSION = YES;
				CLANG_WARN_OBJC_ROOT_CLASS = YES_ERROR;
				CLANG_WARN_UNREACHABLE_CODE = YES;
				CLANG_WARN__DUPLICATE_METHOD_MATCH = YES;
				"CODE_SIGN_IDENTITY[sdk=iphoneos*]" = "iPhone Developer";
				COPY_PHASE_STRIP = NO;
				DEBUG_INFORMATION_FORMAT = "dwarf-with-dsym";
				ENABLE_NS_ASSERTIONS = NO;
				ENABLE_STRICT_OBJC_MSGSEND = YES;
				GCC_C_LANGUAGE_STANDARD = gnu99;
				GCC_NO_COMMON_BLOCKS = YES;
				GCC_WARN_64_TO_32_BIT_CONVERSION = YES;
				GCC_WARN_ABOUT_RETURN_TYPE = YES_ERROR;
				GCC_WARN_UNDECLARED_SELECTOR = YES;
				GCC_WARN_UNINITIALIZED_AUTOS = YES_AGGRESSIVE;
				GCC_WARN_UNUSED_FUNCTION = YES;
				GCC_WARN_UNUSED_VARIABLE = YES;
				IPHONEOS_DEPLOYMENT_TARGET = 8.3;
				MTL_ENABLE_DEBUG_INFO = NO;
				SDKROOT = iphoneos;
				VALIDATE_PRODUCT = YES;
			};
			name = Release;
		};
		FA9074181AD7DE48000E5B5A /* Debug */ = {
			isa = XCBuildConfiguration;
			buildSettings = {
				ASSETCATALOG_COMPILER_APPICON_NAME = AppIcon;
				INFOPLIST_FILE = "Click Counter/Info.plist";
				LD_RUNPATH_SEARCH_PATHS = "$(inherited) @executable_path/Frameworks";
				PRODUCT_NAME = "$(TARGET_NAME)";
			};
			name = Debug;
		};
		FA9074191AD7DE48000E5B5A /* Release */ = {
			isa = XCBuildConfiguration;
			buildSettings = {
				ASSETCATALOG_COMPILER_APPICON_NAME = AppIcon;
				INFOPLIST_FILE = "Click Counter/Info.plist";
				LD_RUNPATH_SEARCH_PATHS = "$(inherited) @executable_path/Frameworks";
				PRODUCT_NAME = "$(TARGET_NAME)";
			};
			name = Release;
		};
		FA90741B1AD7DE48000E5B5A /* Debug */ = {
			isa = XCBuildConfiguration;
			buildSettings = {
				BUNDLE_LOADER = "$(TEST_HOST)";
				FRAMEWORK_SEARCH_PATHS = (
					"$(SDKROOT)/Developer/Library/Frameworks",
					"$(inherited)",
				);
				GCC_PREPROCESSOR_DEFINITIONS = (
					"DEBUG=1",
					"$(inherited)",
				);
				INFOPLIST_FILE = "Click CounterTests/Info.plist";
				LD_RUNPATH_SEARCH_PATHS = "$(inherited) @executable_path/Frameworks @loader_path/Frameworks";
				PRODUCT_NAME = "$(TARGET_NAME)";
				TEST_HOST = "$(BUILT_PRODUCTS_DIR)/Click Counter.app/Click Counter";
			};
			name = Debug;
		};
		FA90741C1AD7DE48000E5B5A /* Release */ = {
			isa = XCBuildConfiguration;
			buildSettings = {
				BUNDLE_LOADER = "$(TEST_HOST)";
				FRAMEWORK_SEARCH_PATHS = (
					"$(SDKROOT)/Developer/Library/Frameworks",
					"$(inherited)",
				);
				INFOPLIST_FILE = "Click CounterTests/Info.plist";
				LD_RUNPATH_SEARCH_PATHS = "$(inherited) @executable_path/Frameworks @loader_path/Frameworks";
				PRODUCT_NAME = "$(TARGET_NAME)";
				TEST_HOST = "$(BUILT_PRODUCTS_DIR)/Click Counter.app/Click Counter";
			};
			name = Release;
		};
/* End XCBuildConfiguration section */

/* Begin XCConfigurationList section */
		FA9073F31AD7DE43000E5B5A /* Build configuration list for PBXProject "Click Counter" */ = {
			isa = XCConfigurationList;
			buildConfigurations = (
				FA9074151AD7DE48000E5B5A /* Debug */,
				FA9074161AD7DE48000E5B5A /* Release */,
			);
			defaultConfigurationIsVisible = 0;
			defaultConfigurationName = Release;
		};
		FA9074171AD7DE48000E5B5A /* Build configuration list for PBXNativeTarget "Click Counter" */ = {
			isa = XCConfigurationList;
			buildConfigurations = (
				FA9074181AD7DE48000E5B5A /* Debug */,
				FA9074191AD7DE48000E5B5A /* Release */,
			);
			defaultConfigurationIsVisible = 0;
		};
		FA90741A1AD7DE48000E5B5A /* Build configuration list for PBXNativeTarget "Click CounterTests" */ = {
			isa = XCConfigurationList;
			buildConfigurations = (
				FA90741B1AD7DE48000E5B5A /* Debug */,
				FA90741C1AD7DE48000E5B5A /* Release */,
			);
			defaultConfigurationIsVisible = 0;
		};
/* End XCConfigurationList section */
	};
	rootObject = FA9073F01AD7DE43000E5B5A /* Project object */;
}
